// !$*UTF8*$!
{
	archiveVersion = 1;
	classes = {
	};
	objectVersion = 48;
	objects = {

/* Begin PBXBuildFile section */
		E8019F6E1F9B225E000D9A6E /* SplashScreenViewController.m in Sources */ = {isa = PBXBuildFile; fileRef = E8019F6D1F9B225E000D9A6E /* SplashScreenViewController.m */; };
		E8019F711F9B2F4B000D9A6E /* PSUILabel.m in Sources */ = {isa = PBXBuildFile; fileRef = E8019F701F9B2F4B000D9A6E /* PSUILabel.m */; };
		E8019F751F9B3F72000D9A6E /* NestThermostatViewController.m in Sources */ = {isa = PBXBuildFile; fileRef = E8019F741F9B3F72000D9A6E /* NestThermostatViewController.m */; };
		E8019F791F9B3F99000D9A6E /* NestThermostatPresenter.m in Sources */ = {isa = PBXBuildFile; fileRef = E8019F781F9B3F99000D9A6E /* NestThermostatPresenter.m */; };
		E8019F7C1F9B3FAB000D9A6E /* PSNestThermostatManager.m in Sources */ = {isa = PBXBuildFile; fileRef = E8019F7B1F9B3FAB000D9A6E /* PSNestThermostatManager.m */; };
		E8019F7E1F9B3FCF000D9A6E /* Thermostat.storyboard in Resources */ = {isa = PBXBuildFile; fileRef = E8019F7D1F9B3FCF000D9A6E /* Thermostat.storyboard */; };
		E8019F801F9BA764000D9A6E /* NestAuthPresenterTests.m in Sources */ = {isa = PBXBuildFile; fileRef = E8019F7F1F9BA764000D9A6E /* NestAuthPresenterTests.m */; };
		E830FF9A1F97B250001C1CC5 /* AppDelegate.m in Sources */ = {isa = PBXBuildFile; fileRef = E830FF991F97B250001C1CC5 /* AppDelegate.m */; };
		E830FFA01F97B250001C1CC5 /* Main.storyboard in Resources */ = {isa = PBXBuildFile; fileRef = E830FF9E1F97B250001C1CC5 /* Main.storyboard */; };
		E830FFA21F97B250001C1CC5 /* Assets.xcassets in Resources */ = {isa = PBXBuildFile; fileRef = E830FFA11F97B250001C1CC5 /* Assets.xcassets */; };
		E830FFA51F97B250001C1CC5 /* LaunchScreen.storyboard in Resources */ = {isa = PBXBuildFile; fileRef = E830FFA31F97B250001C1CC5 /* LaunchScreen.storyboard */; };
		E830FFA81F97B250001C1CC5 /* main.m in Sources */ = {isa = PBXBuildFile; fileRef = E830FFA71F97B250001C1CC5 /* main.m */; };
		E830FFB21F97B250001C1CC5 /* NestAPIDemoTests.m in Sources */ = {isa = PBXBuildFile; fileRef = E830FFB11F97B250001C1CC5 /* NestAPIDemoTests.m */; };
		E830FFC51F97CA4F001C1CC5 /* PSNestAPIManager.m in Sources */ = {isa = PBXBuildFile; fileRef = E830FFC41F97CA4F001C1CC5 /* PSNestAPIManager.m */; };
		E830FFD01F98B089001C1CC5 /* PSNestAuthManager.m in Sources */ = {isa = PBXBuildFile; fileRef = E830FFCF1F98B089001C1CC5 /* PSNestAuthManager.m */; };
		E830FFD41F98B132001C1CC5 /* NestAuthViewController.m in Sources */ = {isa = PBXBuildFile; fileRef = E830FFD31F98B132001C1CC5 /* NestAuthViewController.m */; };
		E830FFD71F98B16C001C1CC5 /* Authentication.storyboard in Resources */ = {isa = PBXBuildFile; fileRef = E830FFD61F98B16C001C1CC5 /* Authentication.storyboard */; };
		E89AFE561F98D33100578B46 /* NestAuthPresenter.m in Sources */ = {isa = PBXBuildFile; fileRef = E89AFE551F98D33100578B46 /* NestAuthPresenter.m */; };
		E89AFE5A1F991C8400578B46 /* Settings.m in Sources */ = {isa = PBXBuildFile; fileRef = E89AFE591F991C8400578B46 /* Settings.m */; };
		E89AFE5D1F991FFF00578B46 /* NestAccessToken.m in Sources */ = {isa = PBXBuildFile; fileRef = E89AFE5C1F991FFF00578B46 /* NestAccessToken.m */; };
		E8A4252A1F9A2C6900B4F3B3 /* NestStructure.m in Sources */ = {isa = PBXBuildFile; fileRef = E8A425291F9A2C6900B4F3B3 /* NestStructure.m */; };
		E8A4252D1F9A2F4200B4F3B3 /* NestThermostat.m in Sources */ = {isa = PBXBuildFile; fileRef = E8A4252C1F9A2F4200B4F3B3 /* NestThermostat.m */; };
		E8A425301F9A2F5500B4F3B3 /* NestSmokeCOAlarm.m in Sources */ = {isa = PBXBuildFile; fileRef = E8A4252F1F9A2F5500B4F3B3 /* NestSmokeCOAlarm.m */; };
		E8A425331F9A2F6100B4F3B3 /* NestCamera.m in Sources */ = {isa = PBXBuildFile; fileRef = E8A425321F9A2F6100B4F3B3 /* NestCamera.m */; };
		E8A425371F9A742B00B4F3B3 /* PSNestRequestBuilder.m in Sources */ = {isa = PBXBuildFile; fileRef = E8A425361F9A742B00B4F3B3 /* PSNestRequestBuilder.m */; };
		E8A4253A1F9A756700B4F3B3 /* PSNestSessionManager.m in Sources */ = {isa = PBXBuildFile; fileRef = E8A425391F9A756700B4F3B3 /* PSNestSessionManager.m */; };
		E8A4253D1F9A770800B4F3B3 /* PSNestResponseParser.m in Sources */ = {isa = PBXBuildFile; fileRef = E8A4253C1F9A770800B4F3B3 /* PSNestResponseParser.m */; };
		E8A425401F9A8D6300B4F3B3 /* PSNestURLAggregator.m in Sources */ = {isa = PBXBuildFile; fileRef = E8A4253F1F9A8D6300B4F3B3 /* PSNestURLAggregator.m */; };
		E8A425431F9A997B00B4F3B3 /* NestStructurePresenter.m in Sources */ = {isa = PBXBuildFile; fileRef = E8A425421F9A997B00B4F3B3 /* NestStructurePresenter.m */; };
		E8A425461F9A998E00B4F3B3 /* NestStructureViewController.m in Sources */ = {isa = PBXBuildFile; fileRef = E8A425451F9A998E00B4F3B3 /* NestStructureViewController.m */; };
		E8A425491F9A99AB00B4F3B3 /* PSNestStructureManager.m in Sources */ = {isa = PBXBuildFile; fileRef = E8A425481F9A99AB00B4F3B3 /* PSNestStructureManager.m */; };
		E8A4254C1F9A99CA00B4F3B3 /* Structure.storyboard in Resources */ = {isa = PBXBuildFile; fileRef = E8A4254B1F9A99CA00B4F3B3 /* Structure.storyboard */; };
		E8FB15AE1F9930A100E10F00 /* OCMockitoIOS.framework in Frameworks */ = {isa = PBXBuildFile; fileRef = E8FB15AC1F9930A100E10F00 /* OCMockitoIOS.framework */; };
		E8FB15AF1F9930A100E10F00 /* OCHamcrestIOS.framework in Frameworks */ = {isa = PBXBuildFile; fileRef = E8FB15AD1F9930A100E10F00 /* OCHamcrestIOS.framework */; };
		E8FB15B11F99319900E10F00 /* PSNestAuthManagerTests.m in Sources */ = {isa = PBXBuildFile; fileRef = E8FB15B01F99319900E10F00 /* PSNestAuthManagerTests.m */; };
/* End PBXBuildFile section */

/* Begin PBXContainerItemProxy section */
		E830FFAE1F97B250001C1CC5 /* PBXContainerItemProxy */ = {
			isa = PBXContainerItemProxy;
			containerPortal = E830FF8D1F97B250001C1CC5 /* Project object */;
			proxyType = 1;
			remoteGlobalIDString = E830FF941F97B250001C1CC5;
			remoteInfo = NestAPIDemo;
		};
/* End PBXContainerItemProxy section */

/* Begin PBXFileReference section */
		E8019F6C1F9B225E000D9A6E /* SplashScreenViewController.h */ = {isa = PBXFileReference; lastKnownFileType = sourcecode.c.h; path = SplashScreenViewController.h; sourceTree = "<group>"; };
		E8019F6D1F9B225E000D9A6E /* SplashScreenViewController.m */ = {isa = PBXFileReference; lastKnownFileType = sourcecode.c.objc; path = SplashScreenViewController.m; sourceTree = "<group>"; };
		E8019F6F1F9B2F4B000D9A6E /* PSUILabel.h */ = {isa = PBXFileReference; fileEncoding = 4; lastKnownFileType = sourcecode.c.h; path = PSUILabel.h; sourceTree = "<group>"; };
		E8019F701F9B2F4B000D9A6E /* PSUILabel.m */ = {isa = PBXFileReference; fileEncoding = 4; lastKnownFileType = sourcecode.c.objc; path = PSUILabel.m; sourceTree = "<group>"; };
		E8019F731F9B3F72000D9A6E /* NestThermostatViewController.h */ = {isa = PBXFileReference; lastKnownFileType = sourcecode.c.h; path = NestThermostatViewController.h; sourceTree = "<group>"; };
		E8019F741F9B3F72000D9A6E /* NestThermostatViewController.m */ = {isa = PBXFileReference; lastKnownFileType = sourcecode.c.objc; path = NestThermostatViewController.m; sourceTree = "<group>"; };
		E8019F771F9B3F99000D9A6E /* NestThermostatPresenter.h */ = {isa = PBXFileReference; lastKnownFileType = sourcecode.c.h; path = NestThermostatPresenter.h; sourceTree = "<group>"; };
		E8019F781F9B3F99000D9A6E /* NestThermostatPresenter.m */ = {isa = PBXFileReference; lastKnownFileType = sourcecode.c.objc; path = NestThermostatPresenter.m; sourceTree = "<group>"; };
		E8019F7A1F9B3FAB000D9A6E /* PSNestThermostatManager.h */ = {isa = PBXFileReference; lastKnownFileType = sourcecode.c.h; path = PSNestThermostatManager.h; sourceTree = "<group>"; };
		E8019F7B1F9B3FAB000D9A6E /* PSNestThermostatManager.m */ = {isa = PBXFileReference; lastKnownFileType = sourcecode.c.objc; path = PSNestThermostatManager.m; sourceTree = "<group>"; };
		E8019F7D1F9B3FCF000D9A6E /* Thermostat.storyboard */ = {isa = PBXFileReference; lastKnownFileType = file.storyboard; path = Thermostat.storyboard; sourceTree = "<group>"; };
		E8019F7F1F9BA764000D9A6E /* NestAuthPresenterTests.m */ = {isa = PBXFileReference; lastKnownFileType = sourcecode.c.objc; path = NestAuthPresenterTests.m; sourceTree = "<group>"; };
		E830FF951F97B250001C1CC5 /* NestAPIDemo.app */ = {isa = PBXFileReference; explicitFileType = wrapper.application; includeInIndex = 0; path = NestAPIDemo.app; sourceTree = BUILT_PRODUCTS_DIR; };
		E830FF981F97B250001C1CC5 /* AppDelegate.h */ = {isa = PBXFileReference; lastKnownFileType = sourcecode.c.h; path = AppDelegate.h; sourceTree = "<group>"; };
		E830FF991F97B250001C1CC5 /* AppDelegate.m */ = {isa = PBXFileReference; lastKnownFileType = sourcecode.c.objc; path = AppDelegate.m; sourceTree = "<group>"; };
		E830FF9F1F97B250001C1CC5 /* Base */ = {isa = PBXFileReference; lastKnownFileType = file.storyboard; name = Base; path = Base.lproj/Main.storyboard; sourceTree = "<group>"; };
		E830FFA11F97B250001C1CC5 /* Assets.xcassets */ = {isa = PBXFileReference; lastKnownFileType = folder.assetcatalog; path = Assets.xcassets; sourceTree = "<group>"; };
		E830FFA41F97B250001C1CC5 /* Base */ = {isa = PBXFileReference; lastKnownFileType = file.storyboard; name = Base; path = Base.lproj/LaunchScreen.storyboard; sourceTree = "<group>"; };
		E830FFA61F97B250001C1CC5 /* Info.plist */ = {isa = PBXFileReference; lastKnownFileType = text.plist.xml; path = Info.plist; sourceTree = "<group>"; };
		E830FFA71F97B250001C1CC5 /* main.m */ = {isa = PBXFileReference; lastKnownFileType = sourcecode.c.objc; path = main.m; sourceTree = "<group>"; };
		E830FFAD1F97B250001C1CC5 /* NestAPIDemoTests.xctest */ = {isa = PBXFileReference; explicitFileType = wrapper.cfbundle; includeInIndex = 0; path = NestAPIDemoTests.xctest; sourceTree = BUILT_PRODUCTS_DIR; };
		E830FFB11F97B250001C1CC5 /* NestAPIDemoTests.m */ = {isa = PBXFileReference; lastKnownFileType = sourcecode.c.objc; path = NestAPIDemoTests.m; sourceTree = "<group>"; };
		E830FFB31F97B250001C1CC5 /* Info.plist */ = {isa = PBXFileReference; lastKnownFileType = text.plist.xml; path = Info.plist; sourceTree = "<group>"; };
		E830FFC31F97CA4F001C1CC5 /* PSNestAPIManager.h */ = {isa = PBXFileReference; lastKnownFileType = sourcecode.c.h; path = PSNestAPIManager.h; sourceTree = "<group>"; };
		E830FFC41F97CA4F001C1CC5 /* PSNestAPIManager.m */ = {isa = PBXFileReference; lastKnownFileType = sourcecode.c.objc; path = PSNestAPIManager.m; sourceTree = "<group>"; };
		E830FFCE1F98B089001C1CC5 /* PSNestAuthManager.h */ = {isa = PBXFileReference; lastKnownFileType = sourcecode.c.h; path = PSNestAuthManager.h; sourceTree = "<group>"; };
		E830FFCF1F98B089001C1CC5 /* PSNestAuthManager.m */ = {isa = PBXFileReference; lastKnownFileType = sourcecode.c.objc; path = PSNestAuthManager.m; sourceTree = "<group>"; };
		E830FFD21F98B132001C1CC5 /* NestAuthViewController.h */ = {isa = PBXFileReference; lastKnownFileType = sourcecode.c.h; path = NestAuthViewController.h; sourceTree = "<group>"; };
		E830FFD31F98B132001C1CC5 /* NestAuthViewController.m */ = {isa = PBXFileReference; lastKnownFileType = sourcecode.c.objc; path = NestAuthViewController.m; sourceTree = "<group>"; };
		E830FFD61F98B16C001C1CC5 /* Authentication.storyboard */ = {isa = PBXFileReference; lastKnownFileType = file.storyboard; path = Authentication.storyboard; sourceTree = "<group>"; };
		E85378941F993732008C113A /* NestAPIDemo-Prefix.pch */ = {isa = PBXFileReference; lastKnownFileType = sourcecode.c.h; path = "NestAPIDemo-Prefix.pch"; sourceTree = "<group>"; };
		E89AFE541F98D33100578B46 /* NestAuthPresenter.h */ = {isa = PBXFileReference; lastKnownFileType = sourcecode.c.h; path = NestAuthPresenter.h; sourceTree = "<group>"; };
		E89AFE551F98D33100578B46 /* NestAuthPresenter.m */ = {isa = PBXFileReference; lastKnownFileType = sourcecode.c.objc; path = NestAuthPresenter.m; sourceTree = "<group>"; };
		E89AFE581F991A0D00578B46 /* Settings.h */ = {isa = PBXFileReference; lastKnownFileType = sourcecode.c.h; path = Settings.h; sourceTree = "<group>"; };
		E89AFE591F991C8400578B46 /* Settings.m */ = {isa = PBXFileReference; lastKnownFileType = sourcecode.c.objc; path = Settings.m; sourceTree = "<group>"; };
		E89AFE5B1F991FFF00578B46 /* NestAccessToken.h */ = {isa = PBXFileReference; lastKnownFileType = sourcecode.c.h; path = NestAccessToken.h; sourceTree = "<group>"; };
		E89AFE5C1F991FFF00578B46 /* NestAccessToken.m */ = {isa = PBXFileReference; lastKnownFileType = sourcecode.c.objc; path = NestAccessToken.m; sourceTree = "<group>"; };
		E8A425281F9A2C6900B4F3B3 /* NestStructure.h */ = {isa = PBXFileReference; lastKnownFileType = sourcecode.c.h; path = NestStructure.h; sourceTree = "<group>"; };
		E8A425291F9A2C6900B4F3B3 /* NestStructure.m */ = {isa = PBXFileReference; lastKnownFileType = sourcecode.c.objc; path = NestStructure.m; sourceTree = "<group>"; };
		E8A4252B1F9A2F4200B4F3B3 /* NestThermostat.h */ = {isa = PBXFileReference; lastKnownFileType = sourcecode.c.h; path = NestThermostat.h; sourceTree = "<group>"; };
		E8A4252C1F9A2F4200B4F3B3 /* NestThermostat.m */ = {isa = PBXFileReference; lastKnownFileType = sourcecode.c.objc; path = NestThermostat.m; sourceTree = "<group>"; };
		E8A4252E1F9A2F5500B4F3B3 /* NestSmokeCOAlarm.h */ = {isa = PBXFileReference; lastKnownFileType = sourcecode.c.h; path = NestSmokeCOAlarm.h; sourceTree = "<group>"; };
		E8A4252F1F9A2F5500B4F3B3 /* NestSmokeCOAlarm.m */ = {isa = PBXFileReference; lastKnownFileType = sourcecode.c.objc; path = NestSmokeCOAlarm.m; sourceTree = "<group>"; };
		E8A425311F9A2F6100B4F3B3 /* NestCamera.h */ = {isa = PBXFileReference; lastKnownFileType = sourcecode.c.h; path = NestCamera.h; sourceTree = "<group>"; };
		E8A425321F9A2F6100B4F3B3 /* NestCamera.m */ = {isa = PBXFileReference; lastKnownFileType = sourcecode.c.objc; path = NestCamera.m; sourceTree = "<group>"; };
		E8A425351F9A742B00B4F3B3 /* PSNestRequestBuilder.h */ = {isa = PBXFileReference; lastKnownFileType = sourcecode.c.h; path = PSNestRequestBuilder.h; sourceTree = "<group>"; };
		E8A425361F9A742B00B4F3B3 /* PSNestRequestBuilder.m */ = {isa = PBXFileReference; lastKnownFileType = sourcecode.c.objc; path = PSNestRequestBuilder.m; sourceTree = "<group>"; };
		E8A425381F9A756700B4F3B3 /* PSNestSessionManager.h */ = {isa = PBXFileReference; lastKnownFileType = sourcecode.c.h; path = PSNestSessionManager.h; sourceTree = "<group>"; };
		E8A425391F9A756700B4F3B3 /* PSNestSessionManager.m */ = {isa = PBXFileReference; lastKnownFileType = sourcecode.c.objc; path = PSNestSessionManager.m; sourceTree = "<group>"; };
		E8A4253B1F9A770800B4F3B3 /* PSNestResponseParser.h */ = {isa = PBXFileReference; lastKnownFileType = sourcecode.c.h; path = PSNestResponseParser.h; sourceTree = "<group>"; };
		E8A4253C1F9A770800B4F3B3 /* PSNestResponseParser.m */ = {isa = PBXFileReference; lastKnownFileType = sourcecode.c.objc; path = PSNestResponseParser.m; sourceTree = "<group>"; };
		E8A4253E1F9A8D6300B4F3B3 /* PSNestURLAggregator.h */ = {isa = PBXFileReference; lastKnownFileType = sourcecode.c.h; path = PSNestURLAggregator.h; sourceTree = "<group>"; };
		E8A4253F1F9A8D6300B4F3B3 /* PSNestURLAggregator.m */ = {isa = PBXFileReference; lastKnownFileType = sourcecode.c.objc; path = PSNestURLAggregator.m; sourceTree = "<group>"; };
		E8A425411F9A997B00B4F3B3 /* NestStructurePresenter.h */ = {isa = PBXFileReference; lastKnownFileType = sourcecode.c.h; path = NestStructurePresenter.h; sourceTree = "<group>"; };
		E8A425421F9A997B00B4F3B3 /* NestStructurePresenter.m */ = {isa = PBXFileReference; lastKnownFileType = sourcecode.c.objc; path = NestStructurePresenter.m; sourceTree = "<group>"; };
		E8A425441F9A998E00B4F3B3 /* NestStructureViewController.h */ = {isa = PBXFileReference; lastKnownFileType = sourcecode.c.h; path = NestStructureViewController.h; sourceTree = "<group>"; };
		E8A425451F9A998E00B4F3B3 /* NestStructureViewController.m */ = {isa = PBXFileReference; lastKnownFileType = sourcecode.c.objc; path = NestStructureViewController.m; sourceTree = "<group>"; };
		E8A425471F9A99AB00B4F3B3 /* PSNestStructureManager.h */ = {isa = PBXFileReference; lastKnownFileType = sourcecode.c.h; path = PSNestStructureManager.h; sourceTree = "<group>"; };
		E8A425481F9A99AB00B4F3B3 /* PSNestStructureManager.m */ = {isa = PBXFileReference; lastKnownFileType = sourcecode.c.objc; path = PSNestStructureManager.m; sourceTree = "<group>"; };
		E8A4254B1F9A99CA00B4F3B3 /* Structure.storyboard */ = {isa = PBXFileReference; lastKnownFileType = file.storyboard; path = Structure.storyboard; sourceTree = "<group>"; };
		E8FB15AC1F9930A100E10F00 /* OCMockitoIOS.framework */ = {isa = PBXFileReference; lastKnownFileType = wrapper.framework; path = OCMockitoIOS.framework; sourceTree = "<group>"; };
		E8FB15AD1F9930A100E10F00 /* OCHamcrestIOS.framework */ = {isa = PBXFileReference; lastKnownFileType = wrapper.framework; path = OCHamcrestIOS.framework; sourceTree = "<group>"; };
		E8FB15B01F99319900E10F00 /* PSNestAuthManagerTests.m */ = {isa = PBXFileReference; lastKnownFileType = sourcecode.c.objc; path = PSNestAuthManagerTests.m; sourceTree = "<group>"; };
/* End PBXFileReference section */

/* Begin PBXFrameworksBuildPhase section */
		E830FF921F97B250001C1CC5 /* Frameworks */ = {
			isa = PBXFrameworksBuildPhase;
			buildActionMask = 2147483647;
			files = (
			);
			runOnlyForDeploymentPostprocessing = 0;
		};
		E830FFAA1F97B250001C1CC5 /* Frameworks */ = {
			isa = PBXFrameworksBuildPhase;
			buildActionMask = 2147483647;
			files = (
				E8FB15AE1F9930A100E10F00 /* OCMockitoIOS.framework in Frameworks */,
				E8FB15AF1F9930A100E10F00 /* OCHamcrestIOS.framework in Frameworks */,
			);
			runOnlyForDeploymentPostprocessing = 0;
		};
/* End PBXFrameworksBuildPhase section */

/* Begin PBXGroup section */
		E8019F721F9B38D6000D9A6E /* Helpers */ = {
			isa = PBXGroup;
			children = (
				E8019F6F1F9B2F4B000D9A6E /* PSUILabel.h */,
				E8019F701F9B2F4B000D9A6E /* PSUILabel.m */,
			);
			path = Helpers;
			sourceTree = "<group>";
		};
		E8019F761F9B3F7B000D9A6E /* Thermostat */ = {
			isa = PBXGroup;
			children = (
				E8019F731F9B3F72000D9A6E /* NestThermostatViewController.h */,
				E8019F741F9B3F72000D9A6E /* NestThermostatViewController.m */,
				E8019F771F9B3F99000D9A6E /* NestThermostatPresenter.h */,
				E8019F781F9B3F99000D9A6E /* NestThermostatPresenter.m */,
				E8019F7A1F9B3FAB000D9A6E /* PSNestThermostatManager.h */,
				E8019F7B1F9B3FAB000D9A6E /* PSNestThermostatManager.m */,
			);
			path = Thermostat;
			sourceTree = "<group>";
		};
		E830FF8C1F97B250001C1CC5 = {
			isa = PBXGroup;
			children = (
				E830FF971F97B250001C1CC5 /* NestAPIDemo */,
				E830FFB01F97B250001C1CC5 /* NestAPIDemoTests */,
				E830FF961F97B250001C1CC5 /* Products */,
			);
			sourceTree = "<group>";
		};
		E830FF961F97B250001C1CC5 /* Products */ = {
			isa = PBXGroup;
			children = (
				E830FF951F97B250001C1CC5 /* NestAPIDemo.app */,
				E830FFAD1F97B250001C1CC5 /* NestAPIDemoTests.xctest */,
			);
			name = Products;
			sourceTree = "<group>";
		};
		E830FF971F97B250001C1CC5 /* NestAPIDemo */ = {
			isa = PBXGroup;
			children = (
				E89AFE571F9919F700578B46 /* Settings */,
				E830FF981F97B250001C1CC5 /* AppDelegate.h */,
				E830FF991F97B250001C1CC5 /* AppDelegate.m */,
				E8019F6C1F9B225E000D9A6E /* SplashScreenViewController.h */,
				E8019F6D1F9B225E000D9A6E /* SplashScreenViewController.m */,
				E8019F721F9B38D6000D9A6E /* Helpers */,
				E8A425341F9A33D900B4F3B3 /* Networking Layer */,
				E89AFE5E1F99200600578B46 /* Data Model */,
				E8019F761F9B3F7B000D9A6E /* Thermostat */,
				E8A4254A1F9A99B300B4F3B3 /* Structures */,
				E830FFD11F98B108001C1CC5 /* Authentication */,
				E830FFD51F98B159001C1CC5 /* Storyboards */,
				E830FFA11F97B250001C1CC5 /* Assets.xcassets */,
				E830FFA31F97B250001C1CC5 /* LaunchScreen.storyboard */,
				E830FFA61F97B250001C1CC5 /* Info.plist */,
				E85378941F993732008C113A /* NestAPIDemo-Prefix.pch */,
				E830FFA71F97B250001C1CC5 /* main.m */,
			);
			path = NestAPIDemo;
			sourceTree = "<group>";
		};
		E830FFB01F97B250001C1CC5 /* NestAPIDemoTests */ = {
			isa = PBXGroup;
			children = (
				E89AFE5F1F992FF200578B46 /* Frameworks */,
				E830FFB11F97B250001C1CC5 /* NestAPIDemoTests.m */,
				E8FB15B01F99319900E10F00 /* PSNestAuthManagerTests.m */,
				E8019F7F1F9BA764000D9A6E /* NestAuthPresenterTests.m */,
				E830FFB31F97B250001C1CC5 /* Info.plist */,
			);
			path = NestAPIDemoTests;
			sourceTree = "<group>";
		};
		E830FFD11F98B108001C1CC5 /* Authentication */ = {
			isa = PBXGroup;
			children = (
				E830FFD21F98B132001C1CC5 /* NestAuthViewController.h */,
				E830FFD31F98B132001C1CC5 /* NestAuthViewController.m */,
				E89AFE541F98D33100578B46 /* NestAuthPresenter.h */,
				E89AFE551F98D33100578B46 /* NestAuthPresenter.m */,
				E830FFCE1F98B089001C1CC5 /* PSNestAuthManager.h */,
				E830FFCF1F98B089001C1CC5 /* PSNestAuthManager.m */,
			);
			path = Authentication;
			sourceTree = "<group>";
		};
		E830FFD51F98B159001C1CC5 /* Storyboards */ = {
			isa = PBXGroup;
			children = (
				E830FF9E1F97B250001C1CC5 /* Main.storyboard */,
				E830FFD61F98B16C001C1CC5 /* Authentication.storyboard */,
				E8A4254B1F9A99CA00B4F3B3 /* Structure.storyboard */,
				E8019F7D1F9B3FCF000D9A6E /* Thermostat.storyboard */,
			);
			path = Storyboards;
			sourceTree = "<group>";
		};
		E89AFE571F9919F700578B46 /* Settings */ = {
			isa = PBXGroup;
			children = (
				E89AFE581F991A0D00578B46 /* Settings.h */,
				E89AFE591F991C8400578B46 /* Settings.m */,
			);
			path = Settings;
			sourceTree = "<group>";
		};
		E89AFE5E1F99200600578B46 /* Data Model */ = {
			isa = PBXGroup;
			children = (
				E89AFE5B1F991FFF00578B46 /* NestAccessToken.h */,
				E89AFE5C1F991FFF00578B46 /* NestAccessToken.m */,
				E8A425281F9A2C6900B4F3B3 /* NestStructure.h */,
				E8A425291F9A2C6900B4F3B3 /* NestStructure.m */,
				E8A4252B1F9A2F4200B4F3B3 /* NestThermostat.h */,
				E8A4252C1F9A2F4200B4F3B3 /* NestThermostat.m */,
				E8A4252E1F9A2F5500B4F3B3 /* NestSmokeCOAlarm.h */,
				E8A4252F1F9A2F5500B4F3B3 /* NestSmokeCOAlarm.m */,
				E8A425311F9A2F6100B4F3B3 /* NestCamera.h */,
				E8A425321F9A2F6100B4F3B3 /* NestCamera.m */,
			);
			path = "Data Model";
			sourceTree = "<group>";
		};
		E89AFE5F1F992FF200578B46 /* Frameworks */ = {
			isa = PBXGroup;
			children = (
				E8FB15AD1F9930A100E10F00 /* OCHamcrestIOS.framework */,
				E8FB15AC1F9930A100E10F00 /* OCMockitoIOS.framework */,
			);
			path = Frameworks;
			sourceTree = "<group>";
		};
		E8A425341F9A33D900B4F3B3 /* Networking Layer */ = {
			isa = PBXGroup;
			children = (
				E830FFC31F97CA4F001C1CC5 /* PSNestAPIManager.h */,
				E830FFC41F97CA4F001C1CC5 /* PSNestAPIManager.m */,
				E8A425351F9A742B00B4F3B3 /* PSNestRequestBuilder.h */,
				E8A425361F9A742B00B4F3B3 /* PSNestRequestBuilder.m */,
				E8A4253E1F9A8D6300B4F3B3 /* PSNestURLAggregator.h */,
				E8A4253F1F9A8D6300B4F3B3 /* PSNestURLAggregator.m */,
				E8A425381F9A756700B4F3B3 /* PSNestSessionManager.h */,
				E8A425391F9A756700B4F3B3 /* PSNestSessionManager.m */,
				E8A4253B1F9A770800B4F3B3 /* PSNestResponseParser.h */,
				E8A4253C1F9A770800B4F3B3 /* PSNestResponseParser.m */,
			);
			path = "Networking Layer";
			sourceTree = "<group>";
		};
		E8A4254A1F9A99B300B4F3B3 /* Structures */ = {
			isa = PBXGroup;
			children = (
				E8A425441F9A998E00B4F3B3 /* NestStructureViewController.h */,
				E8A425451F9A998E00B4F3B3 /* NestStructureViewController.m */,
				E8A425411F9A997B00B4F3B3 /* NestStructurePresenter.h */,
				E8A425421F9A997B00B4F3B3 /* NestStructurePresenter.m */,
				E8A425471F9A99AB00B4F3B3 /* PSNestStructureManager.h */,
				E8A425481F9A99AB00B4F3B3 /* PSNestStructureManager.m */,
			);
			path = Structures;
			sourceTree = "<group>";
		};
/* End PBXGroup section */

/* Begin PBXNativeTarget section */
		E830FF941F97B250001C1CC5 /* NestAPIDemo */ = {
			isa = PBXNativeTarget;
			buildConfigurationList = E830FFB61F97B250001C1CC5 /* Build configuration list for PBXNativeTarget "NestAPIDemo" */;
			buildPhases = (
				E830FF911F97B250001C1CC5 /* Sources */,
				E830FF921F97B250001C1CC5 /* Frameworks */,
				E830FF931F97B250001C1CC5 /* Resources */,
			);
			buildRules = (
			);
			dependencies = (
			);
			name = NestAPIDemo;
			productName = NestAPIDemo;
			productReference = E830FF951F97B250001C1CC5 /* NestAPIDemo.app */;
			productType = "com.apple.product-type.application";
		};
		E830FFAC1F97B250001C1CC5 /* NestAPIDemoTests */ = {
			isa = PBXNativeTarget;
			buildConfigurationList = E830FFB91F97B250001C1CC5 /* Build configuration list for PBXNativeTarget "NestAPIDemoTests" */;
			buildPhases = (
				E830FFA91F97B250001C1CC5 /* Sources */,
				E830FFAA1F97B250001C1CC5 /* Frameworks */,
				E830FFAB1F97B250001C1CC5 /* Resources */,
			);
			buildRules = (
			);
			dependencies = (
				E830FFAF1F97B250001C1CC5 /* PBXTargetDependency */,
			);
			name = NestAPIDemoTests;
			productName = NestAPIDemoTests;
			productReference = E830FFAD1F97B250001C1CC5 /* NestAPIDemoTests.xctest */;
			productType = "com.apple.product-type.bundle.unit-test";
		};
/* End PBXNativeTarget section */

/* Begin PBXProject section */
		E830FF8D1F97B250001C1CC5 /* Project object */ = {
			isa = PBXProject;
			attributes = {
				LastUpgradeCheck = 0900;
				ORGANIZATIONNAME = "Paul Svetlichny";
				TargetAttributes = {
					E830FF941F97B250001C1CC5 = {
						CreatedOnToolsVersion = 9.0;
						ProvisioningStyle = Automatic;
					};
					E830FFAC1F97B250001C1CC5 = {
						CreatedOnToolsVersion = 9.0;
						ProvisioningStyle = Automatic;
						TestTargetID = E830FF941F97B250001C1CC5;
					};
				};
			};
			buildConfigurationList = E830FF901F97B250001C1CC5 /* Build configuration list for PBXProject "NestAPIDemo" */;
			compatibilityVersion = "Xcode 8.0";
			developmentRegion = en;
			hasScannedForEncodings = 0;
			knownRegions = (
				en,
				Base,
			);
			mainGroup = E830FF8C1F97B250001C1CC5;
			productRefGroup = E830FF961F97B250001C1CC5 /* Products */;
			projectDirPath = "";
			projectRoot = "";
			targets = (
				E830FF941F97B250001C1CC5 /* NestAPIDemo */,
				E830FFAC1F97B250001C1CC5 /* NestAPIDemoTests */,
			);
		};
/* End PBXProject section */

/* Begin PBXResourcesBuildPhase section */
		E830FF931F97B250001C1CC5 /* Resources */ = {
			isa = PBXResourcesBuildPhase;
			buildActionMask = 2147483647;
			files = (
				E830FFD71F98B16C001C1CC5 /* Authentication.storyboard in Resources */,
				E8019F7E1F9B3FCF000D9A6E /* Thermostat.storyboard in Resources */,
				E830FFA51F97B250001C1CC5 /* LaunchScreen.storyboard in Resources */,
				E830FFA21F97B250001C1CC5 /* Assets.xcassets in Resources */,
				E830FFA01F97B250001C1CC5 /* Main.storyboard in Resources */,
				E8A4254C1F9A99CA00B4F3B3 /* Structure.storyboard in Resources */,
			);
			runOnlyForDeploymentPostprocessing = 0;
		};
		E830FFAB1F97B250001C1CC5 /* Resources */ = {
			isa = PBXResourcesBuildPhase;
			buildActionMask = 2147483647;
			files = (
			);
			runOnlyForDeploymentPostprocessing = 0;
		};
/* End PBXResourcesBuildPhase section */

/* Begin PBXSourcesBuildPhase section */
		E830FF911F97B250001C1CC5 /* Sources */ = {
			isa = PBXSourcesBuildPhase;
			buildActionMask = 2147483647;
			files = (
				E8A425491F9A99AB00B4F3B3 /* PSNestStructureManager.m in Sources */,
				E89AFE561F98D33100578B46 /* NestAuthPresenter.m in Sources */,
				E830FFA81F97B250001C1CC5 /* main.m in Sources */,
				E830FFD01F98B089001C1CC5 /* PSNestAuthManager.m in Sources */,
				E8A425371F9A742B00B4F3B3 /* PSNestRequestBuilder.m in Sources */,
				E830FF9A1F97B250001C1CC5 /* AppDelegate.m in Sources */,
				E8A425401F9A8D6300B4F3B3 /* PSNestURLAggregator.m in Sources */,
				E8019F6E1F9B225E000D9A6E /* SplashScreenViewController.m in Sources */,
				E8019F791F9B3F99000D9A6E /* NestThermostatPresenter.m in Sources */,
				E8A4252A1F9A2C6900B4F3B3 /* NestStructure.m in Sources */,
				E89AFE5D1F991FFF00578B46 /* NestAccessToken.m in Sources */,
				E8A425461F9A998E00B4F3B3 /* NestStructureViewController.m in Sources */,
				E8019F711F9B2F4B000D9A6E /* PSUILabel.m in Sources */,
				E8A425331F9A2F6100B4F3B3 /* NestCamera.m in Sources */,
				E830FFC51F97CA4F001C1CC5 /* PSNestAPIManager.m in Sources */,
				E8019F7C1F9B3FAB000D9A6E /* PSNestThermostatManager.m in Sources */,
				E8A4253D1F9A770800B4F3B3 /* PSNestResponseParser.m in Sources */,
				E8A425431F9A997B00B4F3B3 /* NestStructurePresenter.m in Sources */,
				E8A4253A1F9A756700B4F3B3 /* PSNestSessionManager.m in Sources */,
				E89AFE5A1F991C8400578B46 /* Settings.m in Sources */,
				E8A425301F9A2F5500B4F3B3 /* NestSmokeCOAlarm.m in Sources */,
				E830FFD41F98B132001C1CC5 /* NestAuthViewController.m in Sources */,
				E8019F751F9B3F72000D9A6E /* NestThermostatViewController.m in Sources */,
				E8A4252D1F9A2F4200B4F3B3 /* NestThermostat.m in Sources */,
			);
			runOnlyForDeploymentPostprocessing = 0;
		};
		E830FFA91F97B250001C1CC5 /* Sources */ = {
			isa = PBXSourcesBuildPhase;
			buildActionMask = 2147483647;
			files = (
				E8019F801F9BA764000D9A6E /* NestAuthPresenterTests.m in Sources */,
				E8FB15B11F99319900E10F00 /* PSNestAuthManagerTests.m in Sources */,
				E830FFB21F97B250001C1CC5 /* NestAPIDemoTests.m in Sources */,
			);
			runOnlyForDeploymentPostprocessing = 0;
		};
/* End PBXSourcesBuildPhase section */

/* Begin PBXTargetDependency section */
		E830FFAF1F97B250001C1CC5 /* PBXTargetDependency */ = {
			isa = PBXTargetDependency;
			target = E830FF941F97B250001C1CC5 /* NestAPIDemo */;
			targetProxy = E830FFAE1F97B250001C1CC5 /* PBXContainerItemProxy */;
		};
/* End PBXTargetDependency section */

/* Begin PBXVariantGroup section */
		E830FF9E1F97B250001C1CC5 /* Main.storyboard */ = {
			isa = PBXVariantGroup;
			children = (
				E830FF9F1F97B250001C1CC5 /* Base */,
			);
			name = Main.storyboard;
			sourceTree = "<group>";
		};
		E830FFA31F97B250001C1CC5 /* LaunchScreen.storyboard */ = {
			isa = PBXVariantGroup;
			children = (
				E830FFA41F97B250001C1CC5 /* Base */,
			);
			name = LaunchScreen.storyboard;
			sourceTree = "<group>";
		};
/* End PBXVariantGroup section */

/* Begin XCBuildConfiguration section */
		E830FFB41F97B250001C1CC5 /* Debug */ = {
			isa = XCBuildConfiguration;
			buildSettings = {
				ALWAYS_SEARCH_USER_PATHS = NO;
				CLANG_ANALYZER_NONNULL = YES;
				CLANG_ANALYZER_NUMBER_OBJECT_CONVERSION = YES_AGGRESSIVE;
				CLANG_CXX_LANGUAGE_STANDARD = "gnu++14";
				CLANG_CXX_LIBRARY = "libc++";
				CLANG_ENABLE_MODULES = YES;
				CLANG_ENABLE_OBJC_ARC = YES;
				CLANG_WARN_BLOCK_CAPTURE_AUTORELEASING = YES;
				CLANG_WARN_BOOL_CONVERSION = YES;
				CLANG_WARN_COMMA = YES;
				CLANG_WARN_CONSTANT_CONVERSION = YES;
				CLANG_WARN_DIRECT_OBJC_ISA_USAGE = YES_ERROR;
				CLANG_WARN_DOCUMENTATION_COMMENTS = YES;
				CLANG_WARN_EMPTY_BODY = YES;
				CLANG_WARN_ENUM_CONVERSION = YES;
				CLANG_WARN_INFINITE_RECURSION = YES;
				CLANG_WARN_INT_CONVERSION = YES;
				CLANG_WARN_NON_LITERAL_NULL_CONVERSION = YES;
				CLANG_WARN_OBJC_LITERAL_CONVERSION = YES;
				CLANG_WARN_OBJC_ROOT_CLASS = YES_ERROR;
				CLANG_WARN_RANGE_LOOP_ANALYSIS = YES;
				CLANG_WARN_STRICT_PROTOTYPES = YES;
				CLANG_WARN_SUSPICIOUS_MOVE = YES;
				CLANG_WARN_UNGUARDED_AVAILABILITY = YES_AGGRESSIVE;
				CLANG_WARN_UNREACHABLE_CODE = YES;
				CLANG_WARN__DUPLICATE_METHOD_MATCH = YES;
				CODE_SIGN_IDENTITY = "iPhone Developer";
				COPY_PHASE_STRIP = NO;
				DEBUG_INFORMATION_FORMAT = dwarf;
				ENABLE_STRICT_OBJC_MSGSEND = YES;
				ENABLE_TESTABILITY = YES;
				GCC_C_LANGUAGE_STANDARD = gnu11;
				GCC_DYNAMIC_NO_PIC = NO;
				GCC_NO_COMMON_BLOCKS = YES;
				GCC_OPTIMIZATION_LEVEL = 0;
				GCC_PREPROCESSOR_DEFINITIONS = (
					"DEBUG=1",
					"$(inherited)",
				);
				GCC_WARN_64_TO_32_BIT_CONVERSION = YES;
				GCC_WARN_ABOUT_RETURN_TYPE = YES_ERROR;
				GCC_WARN_UNDECLARED_SELECTOR = YES;
				GCC_WARN_UNINITIALIZED_AUTOS = YES_AGGRESSIVE;
				GCC_WARN_UNUSED_FUNCTION = YES;
				GCC_WARN_UNUSED_VARIABLE = YES;
				IPHONEOS_DEPLOYMENT_TARGET = 11.0;
				MTL_ENABLE_DEBUG_INFO = YES;
				ONLY_ACTIVE_ARCH = YES;
				SDKROOT = iphoneos;
			};
			name = Debug;
		};
		E830FFB51F97B250001C1CC5 /* Release */ = {
			isa = XCBuildConfiguration;
			buildSettings = {
				ALWAYS_SEARCH_USER_PATHS = NO;
				CLANG_ANALYZER_NONNULL = YES;
				CLANG_ANALYZER_NUMBER_OBJECT_CONVERSION = YES_AGGRESSIVE;
				CLANG_CXX_LANGUAGE_STANDARD = "gnu++14";
				CLANG_CXX_LIBRARY = "libc++";
				CLANG_ENABLE_MODULES = YES;
				CLANG_ENABLE_OBJC_ARC = YES;
				CLANG_WARN_BLOCK_CAPTURE_AUTORELEASING = YES;
				CLANG_WARN_BOOL_CONVERSION = YES;
				CLANG_WARN_COMMA = YES;
				CLANG_WARN_CONSTANT_CONVERSION = YES;
				CLANG_WARN_DIRECT_OBJC_ISA_USAGE = YES_ERROR;
				CLANG_WARN_DOCUMENTATION_COMMENTS = YES;
				CLANG_WARN_EMPTY_BODY = YES;
				CLANG_WARN_ENUM_CONVERSION = YES;
				CLANG_WARN_INFINITE_RECURSION = YES;
				CLANG_WARN_INT_CONVERSION = YES;
				CLANG_WARN_NON_LITERAL_NULL_CONVERSION = YES;
				CLANG_WARN_OBJC_LITERAL_CONVERSION = YES;
				CLANG_WARN_OBJC_ROOT_CLASS = YES_ERROR;
				CLANG_WARN_RANGE_LOOP_ANALYSIS = YES;
				CLANG_WARN_STRICT_PROTOTYPES = YES;
				CLANG_WARN_SUSPICIOUS_MOVE = YES;
				CLANG_WARN_UNGUARDED_AVAILABILITY = YES_AGGRESSIVE;
				CLANG_WARN_UNREACHABLE_CODE = YES;
				CLANG_WARN__DUPLICATE_METHOD_MATCH = YES;
				CODE_SIGN_IDENTITY = "iPhone Developer";
				COPY_PHASE_STRIP = NO;
				DEBUG_INFORMATION_FORMAT = "dwarf-with-dsym";
				ENABLE_NS_ASSERTIONS = NO;
				ENABLE_STRICT_OBJC_MSGSEND = YES;
				GCC_C_LANGUAGE_STANDARD = gnu11;
				GCC_NO_COMMON_BLOCKS = YES;
				GCC_WARN_64_TO_32_BIT_CONVERSION = YES;
				GCC_WARN_ABOUT_RETURN_TYPE = YES_ERROR;
				GCC_WARN_UNDECLARED_SELECTOR = YES;
				GCC_WARN_UNINITIALIZED_AUTOS = YES_AGGRESSIVE;
				GCC_WARN_UNUSED_FUNCTION = YES;
				GCC_WARN_UNUSED_VARIABLE = YES;
				IPHONEOS_DEPLOYMENT_TARGET = 11.0;
				MTL_ENABLE_DEBUG_INFO = NO;
				SDKROOT = iphoneos;
				VALIDATE_PRODUCT = YES;
			};
			name = Release;
		};
		E830FFB71F97B250001C1CC5 /* Debug */ = {
			isa = XCBuildConfiguration;
			buildSettings = {
				ASSETCATALOG_COMPILER_APPICON_NAME = AppIcon;
				CODE_SIGN_STYLE = Automatic;
				GCC_PREFIX_HEADER = "NestAPIDemo/NestAPIDemo-Prefix.pch";
				INFOPLIST_FILE = NestAPIDemo/Info.plist;
				IPHONEOS_DEPLOYMENT_TARGET = 9.0;
				LD_RUNPATH_SEARCH_PATHS = "$(inherited) @executable_path/Frameworks";
				OTHER_LDFLAGS = "-ObjC";
				PRODUCT_BUNDLE_IDENTIFIER = com.fireflydevelop.NestAPIDemo;
				PRODUCT_NAME = "$(TARGET_NAME)";
				TARGETED_DEVICE_FAMILY = "1,2";
			};
			name = Debug;
		};
		E830FFB81F97B250001C1CC5 /* Release */ = {
			isa = XCBuildConfiguration;
			buildSettings = {
				ASSETCATALOG_COMPILER_APPICON_NAME = AppIcon;
				CODE_SIGN_STYLE = Automatic;
				GCC_PREFIX_HEADER = "NestAPIDemo/NestAPIDemo-Prefix.pch";
				INFOPLIST_FILE = NestAPIDemo/Info.plist;
				IPHONEOS_DEPLOYMENT_TARGET = 9.0;
				LD_RUNPATH_SEARCH_PATHS = "$(inherited) @executable_path/Frameworks";
				OTHER_LDFLAGS = "-ObjC";
				PRODUCT_BUNDLE_IDENTIFIER = com.fireflydevelop.NestAPIDemo;
				PRODUCT_NAME = "$(TARGET_NAME)";
				TARGETED_DEVICE_FAMILY = "1,2";
			};
			name = Release;
		};
		E830FFBA1F97B250001C1CC5 /* Debug */ = {
			isa = XCBuildConfiguration;
			buildSettings = {
				BUNDLE_LOADER = "$(TEST_HOST)";
				CODE_SIGN_STYLE = Automatic;
				FRAMEWORK_SEARCH_PATHS = (
					"$(inherited)",
					"$(PROJECT_DIR)/NestAPIDemoTests",
					"$(PROJECT_DIR)/NestAPIDemoTests/Frameworks",
				);
				INFOPLIST_FILE = NestAPIDemoTests/Info.plist;
				LD_RUNPATH_SEARCH_PATHS = "$(inherited) @executable_path/Frameworks @loader_path/Frameworks";
				OTHER_LDFLAGS = "-ObjC";
				PRODUCT_BUNDLE_IDENTIFIER = com.fireflydevelop.NestAPIDemoTests;
				PRODUCT_NAME = "$(TARGET_NAME)";
				TARGETED_DEVICE_FAMILY = "1,2";
				TEST_HOST = "$(BUILT_PRODUCTS_DIR)/NestAPIDemo.app/NestAPIDemo";
			};
			name = Debug;
		};
		E830FFBB1F97B250001C1CC5 /* Release */ = {
			isa = XCBuildConfiguration;
			buildSettings = {
				BUNDLE_LOADER = "$(TEST_HOST)";
				CODE_SIGN_STYLE = Automatic;
				FRAMEWORK_SEARCH_PATHS = (
					"$(inherited)",
					"$(PROJECT_DIR)/NestAPIDemoTests",
					"$(PROJECT_DIR)/NestAPIDemoTests/Frameworks",
				);
				INFOPLIST_FILE = NestAPIDemoTests/Info.plist;
				LD_RUNPATH_SEARCH_PATHS = "$(inherited) @executable_path/Frameworks @loader_path/Frameworks";
				OTHER_LDFLAGS = "-ObjC";
				PRODUCT_BUNDLE_IDENTIFIER = com.fireflydevelop.NestAPIDemoTests;
				PRODUCT_NAME = "$(TARGET_NAME)";
				TARGETED_DEVICE_FAMILY = "1,2";
				TEST_HOST = "$(BUILT_PRODUCTS_DIR)/NestAPIDemo.app/NestAPIDemo";
			};
			name = Release;
		};
/* End XCBuildConfiguration section */

/* Begin XCConfigurationList section */
		E830FF901F97B250001C1CC5 /* Build configuration list for PBXProject "NestAPIDemo" */ = {
			isa = XCConfigurationList;
			buildConfigurations = (
				E830FFB41F97B250001C1CC5 /* Debug */,
				E830FFB51F97B250001C1CC5 /* Release */,
			);
			defaultConfigurationIsVisible = 0;
			defaultConfigurationName = Release;
		};
		E830FFB61F97B250001C1CC5 /* Build configuration list for PBXNativeTarget "NestAPIDemo" */ = {
			isa = XCConfigurationList;
			buildConfigurations = (
				E830FFB71F97B250001C1CC5 /* Debug */,
				E830FFB81F97B250001C1CC5 /* Release */,
			);
			defaultConfigurationIsVisible = 0;
			defaultConfigurationName = Release;
		};
		E830FFB91F97B250001C1CC5 /* Build configuration list for PBXNativeTarget "NestAPIDemoTests" */ = {
			isa = XCConfigurationList;
			buildConfigurations = (
				E830FFBA1F97B250001C1CC5 /* Debug */,
				E830FFBB1F97B250001C1CC5 /* Release */,
			);
			defaultConfigurationIsVisible = 0;
			defaultConfigurationName = Release;
		};
/* End XCConfigurationList section */
	};
	rootObject = E830FF8D1F97B250001C1CC5 /* Project object */;
}
